
Microsoft Visual Studio Solution File, Format Version 12.00
# Visual Studio Version 16
VisualStudioVersion = 16.0.32228.343
MinimumVisualStudioVersion = 10.0.40219.1
Project("{FAE04EC0-301F-11D3-BF4B-00C04F79EFBC}") = "MyWcf", "MyWcf\MyWcf.csproj", "{D78F6A0F-5911-43EA-9FEE-56D3591DFC9F}"
EndProject
Project("{FAE04EC0-301F-11D3-BF4B-00C04F79EFBC}") = "MyWcf.Shared", "MyWcf.Shared\MyWcf.Shared.csproj", "{5F99CD26-26C4-49E4-9598-EF75CF70904B}"
EndProject
Global
	GlobalSection(SolutionConfigurationPlatforms) = preSolution
		Debug|Any CPU = Debug|Any CPU
		Release|Any CPU = Release|Any CPU
	EndGlobalSection
	GlobalSection(ProjectConfigurationPlatforms) = postSolution
		{D78F6A0F-5911-43EA-9FEE-56D3591DFC9F}.Debug|Any CPU.ActiveCfg = Debug|Any CPU
		{D78F6A0F-5911-43EA-9FEE-56D3591DFC9F}.Debug|Any CPU.Build.0 = Debug|Any CPU
		{D78F6A0F-5911-43EA-9FEE-56D3591DFC9F}.Release|Any CPU.ActiveCfg = Release|Any CPU
		{D78F6A0F-5911-43EA-9FEE-56D3591DFC9F}.Release|Any CPU.Build.0 = Release|Any CPU
		{5F99CD26-26C4-49E4-9598-EF75CF70904B}.Debug|Any CPU.ActiveCfg = Debug|Any CPU
		{5F99CD26-26C4-49E4-9598-EF75CF70904B}.Debug|Any CPU.Build.0 = Debug|Any CPU
		{5F99CD26-26C4-49E4-9598-EF75CF70904B}.Release|Any CPU.ActiveCfg = Release|Any CPU
		{5F99CD26-26C4-49E4-9598-EF75CF70904B}.Release|Any CPU.Build.0 = Release|Any CPU
	EndGlobalSection
	GlobalSection(SolutionProperties) = preSolution
		HideSolutionNode = FALSE
	EndGlobalSection
	GlobalSection(ExtensibilityGlobals) = postSolution
		SolutionGuid = {00BB7DE7-3F77-44E1-AB22-4474BD9BAC86}
	EndGlobalSection
EndGlobal
